// !$*UTF8*$!
{
	archiveVersion = 1;
	classes = {
	};
	objectVersion = 46;
	objects = {

/* Begin PBXBuildFile section */
		DDC357141A7F3FB700D8D25D /* main.m in Sources */ = {isa = PBXBuildFile; fileRef = DDC357131A7F3FB700D8D25D /* main.m */; };
		DDC357171A7F3FB700D8D25D /* AppDelegate.m in Sources */ = {isa = PBXBuildFile; fileRef = DDC357161A7F3FB700D8D25D /* AppDelegate.m */; };
		DDC3571A1A7F3FB700D8D25D /* ViewController.m in Sources */ = {isa = PBXBuildFile; fileRef = DDC357191A7F3FB700D8D25D /* ViewController.m */; };
		DDC3571D1A7F3FB700D8D25D /* Main.storyboard in Resources */ = {isa = PBXBuildFile; fileRef = DDC3571B1A7F3FB700D8D25D /* Main.storyboard */; };
		DDC3571F1A7F3FB700D8D25D /* Images.xcassets in Resources */ = {isa = PBXBuildFile; fileRef = DDC3571E1A7F3FB700D8D25D /* Images.xcassets */; };
		DDC357221A7F3FB700D8D25D /* LaunchScreen.xib in Resources */ = {isa = PBXBuildFile; fileRef = DDC357201A7F3FB700D8D25D /* LaunchScreen.xib */; };
		DDC3572E1A7F3FB700D8D25D /* HamburgerTests.m in Sources */ = {isa = PBXBuildFile; fileRef = DDC3572D1A7F3FB700D8D25D /* HamburgerTests.m */; };
/* End PBXBuildFile section */

/* Begin PBXContainerItemProxy section */
		DDC357281A7F3FB700D8D25D /* PBXContainerItemProxy */ = {
			isa = PBXContainerItemProxy;
			containerPortal = DDC357061A7F3FB700D8D25D /* Project object */;
			proxyType = 1;
			remoteGlobalIDString = DDC3570D1A7F3FB700D8D25D;
			remoteInfo = Hamburger;
		};
/* End PBXContainerItemProxy section */

/* Begin PBXFileReference section */
		DDC3570E1A7F3FB700D8D25D /* Hamburger.app */ = {isa = PBXFileReference; explicitFileType = wrapper.application; includeInIndex = 0; path = Hamburger.app; sourceTree = BUILT_PRODUCTS_DIR; };
		DDC357121A7F3FB700D8D25D /* Info.plist */ = {isa = PBXFileReference; lastKnownFileType = text.plist.xml; path = Info.plist; sourceTree = "<group>"; };
		DDC357131A7F3FB700D8D25D /* main.m */ = {isa = PBXFileReference; lastKnownFileType = sourcecode.c.objc; path = main.m; sourceTree = "<group>"; };
		DDC357151A7F3FB700D8D25D /* AppDelegate.h */ = {isa = PBXFileReference; lastKnownFileType = sourcecode.c.h; path = AppDelegate.h; sourceTree = "<group>"; };
		DDC357161A7F3FB700D8D25D /* AppDelegate.m */ = {isa = PBXFileReference; lastKnownFileType = sourcecode.c.objc; path = AppDelegate.m; sourceTree = "<group>"; };
		DDC357181A7F3FB700D8D25D /* ViewController.h */ = {isa = PBXFileReference; lastKnownFileType = sourcecode.c.h; path = ViewController.h; sourceTree = "<group>"; };
		DDC357191A7F3FB700D8D25D /* ViewController.m */ = {isa = PBXFileReference; lastKnownFileType = sourcecode.c.objc; path = ViewController.m; sourceTree = "<group>"; };
		DDC3571C1A7F3FB700D8D25D /* Base */ = {isa = PBXFileReference; lastKnownFileType = file.storyboard; name = Base; path = Base.lproj/Main.storyboard; sourceTree = "<group>"; };
		DDC3571E1A7F3FB700D8D25D /* Images.xcassets */ = {isa = PBXFileReference; lastKnownFileType = folder.assetcatalog; path = Images.xcassets; sourceTree = "<group>"; };
		DDC357211A7F3FB700D8D25D /* Base */ = {isa = PBXFileReference; lastKnownFileType = file.xib; name = Base; path = Base.lproj/LaunchScreen.xib; sourceTree = "<group>"; };
		DDC357271A7F3FB700D8D25D /* HamburgerTests.xctest */ = {isa = PBXFileReference; explicitFileType = wrapper.cfbundle; includeInIndex = 0; path = HamburgerTests.xctest; sourceTree = BUILT_PRODUCTS_DIR; };
		DDC3572C1A7F3FB700D8D25D /* Info.plist */ = {isa = PBXFileReference; lastKnownFileType = text.plist.xml; path = Info.plist; sourceTree = "<group>"; };
		DDC3572D1A7F3FB700D8D25D /* HamburgerTests.m */ = {isa = PBXFileReference; lastKnownFileType = sourcecode.c.objc; path = HamburgerTests.m; sourceTree = "<group>"; };
/* End PBXFileReference section */

/* Begin PBXFrameworksBuildPhase section */
		DDC3570B1A7F3FB700D8D25D /* Frameworks */ = {
			isa = PBXFrameworksBuildPhase;
			buildActionMask = 2147483647;
			files = (
			);
			runOnlyForDeploymentPostprocessing = 0;
		};
		DDC357241A7F3FB700D8D25D /* Frameworks */ = {
			isa = PBXFrameworksBuildPhase;
			buildActionMask = 2147483647;
			files = (
			);
			runOnlyForDeploymentPostprocessing = 0;
		};
/* End PBXFrameworksBuildPhase section */

/* Begin PBXGroup section */
		DDC357051A7F3FB700D8D25D = {
			isa = PBXGroup;
			children = (
				DDC357101A7F3FB700D8D25D /* Hamburger */,
				DDC3572A1A7F3FB700D8D25D /* HamburgerTests */,
				DDC3570F1A7F3FB700D8D25D /* Products */,
			);
			sourceTree = "<group>";
		};
		DDC3570F1A7F3FB700D8D25D /* Products */ = {
			isa = PBXGroup;
			children = (
				DDC3570E1A7F3FB700D8D25D /* Hamburger.app */,
				DDC357271A7F3FB700D8D25D /* HamburgerTests.xctest */,
			);
			name = Products;
			sourceTree = "<group>";
		};
		DDC357101A7F3FB700D8D25D /* Hamburger */ = {
			isa = PBXGroup;
			children = (
				DDC357151A7F3FB700D8D25D /* AppDelegate.h */,
				DDC357161A7F3FB700D8D25D /* AppDelegate.m */,
				DDC357181A7F3FB700D8D25D /* ViewController.h */,
				DDC357191A7F3FB700D8D25D /* ViewController.m */,
				DDC3571B1A7F3FB700D8D25D /* Main.storyboard */,
				DDC3571E1A7F3FB700D8D25D /* Images.xcassets */,
				DDC357201A7F3FB700D8D25D /* LaunchScreen.xib */,
				DDC357111A7F3FB700D8D25D /* Supporting Files */,
			);
			path = Hamburger;
			sourceTree = "<group>";
		};
		DDC357111A7F3FB700D8D25D /* Supporting Files */ = {
			isa = PBXGroup;
			children = (
				DDC357121A7F3FB700D8D25D /* Info.plist */,
				DDC357131A7F3FB700D8D25D /* main.m */,
			);
			name = "Supporting Files";
			sourceTree = "<group>";
		};
		DDC3572A1A7F3FB700D8D25D /* HamburgerTests */ = {
			isa = PBXGroup;
			children = (
				DDC3572D1A7F3FB700D8D25D /* HamburgerTests.m */,
				DDC3572B1A7F3FB700D8D25D /* Supporting Files */,
			);
			path = HamburgerTests;
			sourceTree = "<group>";
		};
		DDC3572B1A7F3FB700D8D25D /* Supporting Files */ = {
			isa = PBXGroup;
			children = (
				DDC3572C1A7F3FB700D8D25D /* Info.plist */,
			);
			name = "Supporting Files";
			sourceTree = "<group>";
		};
/* End PBXGroup section */

/* Begin PBXNativeTarget section */
		DDC3570D1A7F3FB700D8D25D /* Hamburger */ = {
			isa = PBXNativeTarget;
			buildConfigurationList = DDC357311A7F3FB700D8D25D /* Build configuration list for PBXNativeTarget "Hamburger" */;
			buildPhases = (
				DDC3570A1A7F3FB700D8D25D /* Sources */,
				DDC3570B1A7F3FB700D8D25D /* Frameworks */,
				DDC3570C1A7F3FB700D8D25D /* Resources */,
			);
			buildRules = (
			);
			dependencies = (
			);
			name = Hamburger;
			productName = Hamburger;
			productReference = DDC3570E1A7F3FB700D8D25D /* Hamburger.app */;
			productType = "com.apple.product-type.application";
		};
		DDC357261A7F3FB700D8D25D /* HamburgerTests */ = {
			isa = PBXNativeTarget;
			buildConfigurationList = DDC357341A7F3FB700D8D25D /* Build configuration list for PBXNativeTarget "HamburgerTests" */;
			buildPhases = (
				DDC357231A7F3FB700D8D25D /* Sources */,
				DDC357241A7F3FB700D8D25D /* Frameworks */,
				DDC357251A7F3FB700D8D25D /* Resources */,
			);
			buildRules = (
			);
			dependencies = (
				DDC357291A7F3FB700D8D25D /* PBXTargetDependency */,
			);
			name = HamburgerTests;
			productName = HamburgerTests;
			productReference = DDC357271A7F3FB700D8D25D /* HamburgerTests.xctest */;
			productType = "com.apple.product-type.bundle.unit-test";
		};
/* End PBXNativeTarget section */

/* Begin PBXProject section */
		DDC357061A7F3FB700D8D25D /* Project object */ = {
			isa = PBXProject;
			attributes = {
				LastUpgradeCheck = 0610;
				ORGANIZATIONNAME = "Kiattisak Anoochitarom";
				TargetAttributes = {
					DDC3570D1A7F3FB700D8D25D = {
						CreatedOnToolsVersion = 6.1.1;
					};
					DDC357261A7F3FB700D8D25D = {
						CreatedOnToolsVersion = 6.1.1;
						TestTargetID = DDC3570D1A7F3FB700D8D25D;
					};
				};
			};
			buildConfigurationList = DDC357091A7F3FB700D8D25D /* Build configuration list for PBXProject "Hamburger" */;
			compatibilityVersion = "Xcode 3.2";
			developmentRegion = English;
			hasScannedForEncodings = 0;
			knownRegions = (
				en,
				Base,
			);
			mainGroup = DDC357051A7F3FB700D8D25D;
			productRefGroup = DDC3570F1A7F3FB700D8D25D /* Products */;
			projectDirPath = "";
			projectRoot = "";
			targets = (
				DDC3570D1A7F3FB700D8D25D /* Hamburger */,
				DDC357261A7F3FB700D8D25D /* HamburgerTests */,
			);
		};
/* End PBXProject section */

/* Begin PBXResourcesBuildPhase section */
		DDC3570C1A7F3FB700D8D25D /* Resources */ = {
			isa = PBXResourcesBuildPhase;
			buildActionMask = 2147483647;
			files = (
				DDC3571D1A7F3FB700D8D25D /* Main.storyboard in Resources */,
				DDC357221A7F3FB700D8D25D /* LaunchScreen.xib in Resources */,
				DDC3571F1A7F3FB700D8D25D /* Images.xcassets in Resources */,
			);
			runOnlyForDeploymentPostprocessing = 0;
		};
		DDC357251A7F3FB700D8D25D /* Resources */ = {
			isa = PBXResourcesBuildPhase;
			buildActionMask = 2147483647;
			files = (
			);
			runOnlyForDeploymentPostprocessing = 0;
		};
/* End PBXResourcesBuildPhase section */

/* Begin PBXSourcesBuildPhase section */
		DDC3570A1A7F3FB700D8D25D /* Sources */ = {
			isa = PBXSourcesBuildPhase;
			buildActionMask = 2147483647;
			files = (
				DDC3571A1A7F3FB700D8D25D /* ViewController.m in Sources */,
				DDC357171A7F3FB700D8D25D /* AppDelegate.m in Sources */,
				DDC357141A7F3FB700D8D25D /* main.m in Sources */,
			);
			runOnlyForDeploymentPostprocessing = 0;
		};
		DDC357231A7F3FB700D8D25D /* Sources */ = {
			isa = PBXSourcesBuildPhase;
			buildActionMask = 2147483647;
			files = (
				DDC3572E1A7F3FB700D8D25D /* HamburgerTests.m in Sources */,
			);
			runOnlyForDeploymentPostprocessing = 0;
		};
/* End PBXSourcesBuildPhase section */

/* Begin PBXTargetDependency section */
		DDC357291A7F3FB700D8D25D /* PBXTargetDependency */ = {
			isa = PBXTargetDependency;
			target = DDC3570D1A7F3FB700D8D25D /* Hamburger */;
			targetProxy = DDC357281A7F3FB700D8D25D /* PBXContainerItemProxy */;
		};
/* End PBXTargetDependency section */

/* Begin PBXVariantGroup section */
		DDC3571B1A7F3FB700D8D25D /* Main.storyboard */ = {
			isa = PBXVariantGroup;
			children = (
				DDC3571C1A7F3FB700D8D25D /* Base */,
			);
			name = Main.storyboard;
			sourceTree = "<group>";
		};
		DDC357201A7F3FB700D8D25D /* LaunchScreen.xib */ = {
			isa = PBXVariantGroup;
			children = (
				DDC357211A7F3FB700D8D25D /* Base */,
			);
			name = LaunchScreen.xib;
			sourceTree = "<group>";
		};
/* End PBXVariantGroup section */

/* Begin XCBuildConfiguration section */
		DDC3572F1A7F3FB700D8D25D /* Debug */ = {
			isa = XCBuildConfiguration;
			buildSettings = {
				ALWAYS_SEARCH_USER_PATHS = NO;
				CLANG_CXX_LANGUAGE_STANDARD = "gnu++0x";
				CLANG_CXX_LIBRARY = "libc++";
				CLANG_ENABLE_MODULES = YES;
				CLANG_ENABLE_OBJC_ARC = YES;
				CLANG_WARN_BOOL_CONVERSION = YES;
				CLANG_WARN_CONSTANT_CONVERSION = YES;
				CLANG_WARN_DIRECT_OBJC_ISA_USAGE = YES_ERROR;
				CLANG_WARN_EMPTY_BODY = YES;
				CLANG_WARN_ENUM_CONVERSION = YES;
				CLANG_WARN_INT_CONVERSION = YES;
				CLANG_WARN_OBJC_ROOT_CLASS = YES_ERROR;
				CLANG_WARN_UNREACHABLE_CODE = YES;
				CLANG_WARN__DUPLICATE_METHOD_MATCH = YES;
				"CODE_SIGN_IDENTITY[sdk=iphoneos*]" = "iPhone Developer";
				COPY_PHASE_STRIP = NO;
				ENABLE_STRICT_OBJC_MSGSEND = YES;
				GCC_C_LANGUAGE_STANDARD = gnu99;
				GCC_DYNAMIC_NO_PIC = NO;
				GCC_OPTIMIZATION_LEVEL = 0;
				GCC_PREPROCESSOR_DEFINITIONS = (
					"DEBUG=1",
					"$(inherited)",
				);
				GCC_SYMBOLS_PRIVATE_EXTERN = NO;
				GCC_WARN_64_TO_32_BIT_CONVERSION = YES;
				GCC_WARN_ABOUT_RETURN_TYPE = YES_ERROR;
				GCC_WARN_UNDECLARED_SELECTOR = YES;
				GCC_WARN_UNINITIALIZED_AUTOS = YES_AGGRESSIVE;
				GCC_WARN_UNUSED_FUNCTION = YES;
				GCC_WARN_UNUSED_VARIABLE = YES;
				IPHONEOS_DEPLOYMENT_TARGET = 8.1;
				MTL_ENABLE_DEBUG_INFO = YES;
				ONLY_ACTIVE_ARCH = YES;
				SDKROOT = iphoneos;
			};
			name = Debug;
		};
		DDC357301A7F3FB700D8D25D /* Release */ = {
			isa = XCBuildConfiguration;
			buildSettings = {
				ALWAYS_SEARCH_USER_PATHS = NO;
				CLANG_CXX_LANGUAGE_STANDARD = "gnu++0x";
				CLANG_CXX_LIBRARY = "libc++";
				CLANG_ENABLE_MODULES = YES;
				CLANG_ENABLE_OBJC_ARC = YES;
				CLANG_WARN_BOOL_CONVERSION = YES;
				CLANG_WARN_CONSTANT_CONVERSION = YES;
				CLANG_WARN_DIRECT_OBJC_ISA_USAGE = YES_ERROR;
				CLANG_WARN_EMPTY_BODY = YES;
				CLANG_WARN_ENUM_CONVERSION = YES;
				CLANG_WARN_INT_CONVERSION = YES;
				CLANG_WARN_OBJC_ROOT_CLASS = YES_ERROR;
				CLANG_WARN_UNREACHABLE_CODE = YES;
				CLANG_WARN__DUPLICATE_METHOD_MATCH = YES;
				"CODE_SIGN_IDENTITY[sdk=iphoneos*]" = "iPhone Developer";
				COPY_PHASE_STRIP = YES;
				ENABLE_NS_ASSERTIONS = NO;
				ENABLE_STRICT_OBJC_MSGSEND = YES;
				GCC_C_LANGUAGE_STANDARD = gnu99;
				GCC_WARN_64_TO_32_BIT_CONVERSION = YES;
				GCC_WARN_ABOUT_RETURN_TYPE = YES_ERROR;
				GCC_WARN_UNDECLARED_SELECTOR = YES;
				GCC_WARN_UNINITIALIZED_AUTOS = YES_AGGRESSIVE;
				GCC_WARN_UNUSED_FUNCTION = YES;
				GCC_WARN_UNUSED_VARIABLE = YES;
				IPHONEOS_DEPLOYMENT_TARGET = 8.1;
				MTL_ENABLE_DEBUG_INFO = NO;
				SDKROOT = iphoneos;
				VALIDATE_PRODUCT = YES;
			};
			name = Release;
		};
		DDC357321A7F3FB700D8D25D /* Debug */ = {
			isa = XCBuildConfiguration;
			buildSettings = {
				ASSETCATALOG_COMPILER_APPICON_NAME = AppIcon;
				INFOPLIST_FILE = Hamburger/Info.plist;
				LD_RUNPATH_SEARCH_PATHS = "$(inherited) @executable_path/Frameworks";
				PRODUCT_NAME = "$(TARGET_NAME)";
			};
			name = Debug;
		};
		DDC357331A7F3FB700D8D25D /* Release */ = {
			isa = XCBuildConfiguration;
			buildSettings = {
				ASSETCATALOG_COMPILER_APPICON_NAME = AppIcon;
				INFOPLIST_FILE = Hamburger/Info.plist;
				LD_RUNPATH_SEARCH_PATHS = "$(inherited) @executable_path/Frameworks";
				PRODUCT_NAME = "$(TARGET_NAME)";
			};
			name = Release;
		};
		DDC357351A7F3FB700D8D25D /* Debug */ = {
			isa = XCBuildConfiguration;
			buildSettings = {
				BUNDLE_LOADER = "$(TEST_HOST)";
				FRAMEWORK_SEARCH_PATHS = (
					"$(SDKROOT)/Developer/Library/Frameworks",
					"$(inherited)",
				);
				GCC_PREPROCESSOR_DEFINITIONS = (
					"DEBUG=1",
					"$(inherited)",
				);
				INFOPLIST_FILE = HamburgerTests/Info.plist;
				LD_RUNPATH_SEARCH_PATHS = "$(inherited) @executable_path/Frameworks @loader_path/Frameworks";
				PRODUCT_NAME = "$(TARGET_NAME)";
				TEST_HOST = "$(BUILT_PRODUCTS_DIR)/Hamburger.app/Hamburger";
			};
			name = Debug;
		};
		DDC357361A7F3FB700D8D25D /* Release */ = {
			isa = XCBuildConfiguration;
			buildSettings = {
				BUNDLE_LOADER = "$(TEST_HOST)";
				FRAMEWORK_SEARCH_PATHS = (
					"$(SDKROOT)/Developer/Library/Frameworks",
					"$(inherited)",
				);
				INFOPLIST_FILE = HamburgerTests/Info.plist;
				LD_RUNPATH_SEARCH_PATHS = "$(inherited) @executable_path/Frameworks @loader_path/Frameworks";
				PRODUCT_NAME = "$(TARGET_NAME)";
				TEST_HOST = "$(BUILT_PRODUCTS_DIR)/Hamburger.app/Hamburger";
			};
			name = Release;
		};
/* End XCBuildConfiguration section */

/* Begin XCConfigurationList section */
		DDC357091A7F3FB700D8D25D /* Build configuration list for PBXProject "Hamburger" */ = {
			isa = XCConfigurationList;
			buildConfigurations = (
				DDC3572F1A7F3FB700D8D25D /* Debug */,
				DDC357301A7F3FB700D8D25D /* Release */,
			);
			defaultConfigurationIsVisible = 0;
			defaultConfigurationName = Release;
		};
		DDC357311A7F3FB700D8D25D /* Build configuration list for PBXNativeTarget "Hamburger" */ = {
			isa = XCConfigurationList;
			buildConfigurations = (
				DDC357321A7F3FB700D8D25D /* Debug */,
				DDC357331A7F3FB700D8D25D /* Release */,
			);
			defaultConfigurationIsVisible = 0;
		};
		DDC357341A7F3FB700D8D25D /* Build configuration list for PBXNativeTarget "HamburgerTests" */ = {
			isa = XCConfigurationList;
			buildConfigurations = (
				DDC357351A7F3FB700D8D25D /* Debug */,
				DDC357361A7F3FB700D8D25D /* Release */,
			);
			defaultConfigurationIsVisible = 0;
		};
/* End XCConfigurationList section */
	};
	rootObject = DDC357061A7F3FB700D8D25D /* Project object */;
}
